
Microsoft Visual Studio Solution File, Format Version 12.00
# Visual Studio Version 17
VisualStudioVersion = 17.9.34714.143
MinimumVisualStudioVersion = 10.0.40219.1
Project("{9A19103F-16F7-4668-BE54-9A1E7A4F7556}") = "Hustelhub", "Hustelhub\Hustelhub.csproj", "{2FA10865-89EB-4381-ABEC-722D6D6F101A}"
EndProject
Project("{9A19103F-16F7-4668-BE54-9A1E7A4F7556}") = "HustelHub.DataAccess", "DataAccessLayer\HustelHub.DataAcess\HustelHub.DataAccess.csproj", "{BD9BBFE3-9CA3-454D-920A-BC03300B0A12}"
EndProject
Project("{9A19103F-16F7-4668-BE54-9A1E7A4F7556}") = "HustelHub.BusinessArea", "BusinessArea\HustelHub.BusinessArea\HustelHub.BusinessArea.csproj", "{F577D8BB-1BC9-4B01-A585-B14008E50964}"
EndProject
Global
	GlobalSection(SolutionConfigurationPlatforms) = preSolution
		Debug|Any CPU = Debug|Any CPU
		Release|Any CPU = Release|Any CPU
	EndGlobalSection
	GlobalSection(ProjectConfigurationPlatforms) = postSolution
		{2FA10865-89EB-4381-ABEC-722D6D6F101A}.Debug|Any CPU.ActiveCfg = Debug|Any CPU
		{2FA10865-89EB-4381-ABEC-722D6D6F101A}.Debug|Any CPU.Build.0 = Debug|Any CPU
		{2FA10865-89EB-4381-ABEC-722D6D6F101A}.Release|Any CPU.ActiveCfg = Release|Any CPU
		{2FA10865-89EB-4381-ABEC-722D6D6F101A}.Release|Any CPU.Build.0 = Release|Any CPU
		{BD9BBFE3-9CA3-454D-920A-BC03300B0A12}.Debug|Any CPU.ActiveCfg = Debug|Any CPU
		{BD9BBFE3-9CA3-454D-920A-BC03300B0A12}.Debug|Any CPU.Build.0 = Debug|Any CPU
		{BD9BBFE3-9CA3-454D-920A-BC03300B0A12}.Release|Any CPU.ActiveCfg = Release|Any CPU
		{BD9BBFE3-9CA3-454D-920A-BC03300B0A12}.Release|Any CPU.Build.0 = Release|Any CPU
		{F577D8BB-1BC9-4B01-A585-B14008E50964}.Debug|Any CPU.ActiveCfg = Debug|Any CPU
		{F577D8BB-1BC9-4B01-A585-B14008E50964}.Debug|Any CPU.Build.0 = Debug|Any CPU
		{F577D8BB-1BC9-4B01-A585-B14008E50964}.Release|Any CPU.ActiveCfg = Release|Any CPU
		{F577D8BB-1BC9-4B01-A585-B14008E50964}.Release|Any CPU.Build.0 = Release|Any CPU
	EndGlobalSection
	GlobalSection(SolutionProperties) = preSolution
		HideSolutionNode = FALSE
	EndGlobalSection
	GlobalSection(ExtensibilityGlobals) = postSolution
		SolutionGuid = {0A7400E8-C046-411C-A894-8154454AB49B}
	EndGlobalSection
EndGlobal
